
Microsoft Visual Studio Solution File, Format Version 12.00
# Visual Studio 15
Project("{FAE04EC0-301F-11D3-BF4B-00C04F79EFBC}") = "Futures", "Futures\Futures.csproj", "{48DAA472-6E01-4E30-91EB-87A1209B253C}"
EndProject
Project("{FAE04EC0-301F-11D3-BF4B-00C04F79EFBC}") = "Test", "Test\Test.csproj", "{01A4944C-4345-4362-A29C-3B569295AD2C}"
EndProject
Global
	GlobalSection(SolutionConfigurationPlatforms) = preSolution
		Debug|Any CPU = Debug|Any CPU
		Release|Any CPU = Release|Any CPU
	EndGlobalSection
	GlobalSection(ProjectConfigurationPlatforms) = postSolution
		{48DAA472-6E01-4E30-91EB-87A1209B253C}.Debug|Any CPU.ActiveCfg = Debug|Any CPU
		{48DAA472-6E01-4E30-91EB-87A1209B253C}.Debug|Any CPU.Build.0 = Debug|Any CPU
		{48DAA472-6E01-4E30-91EB-87A1209B253C}.Release|Any CPU.ActiveCfg = Release|Any CPU
		{48DAA472-6E01-4E30-91EB-87A1209B253C}.Release|Any CPU.Build.0 = Release|Any CPU
		{01A4944C-4345-4362-A29C-3B569295AD2C}.Debug|Any CPU.ActiveCfg = Debug|Any CPU
		{01A4944C-4345-4362-A29C-3B569295AD2C}.Debug|Any CPU.Build.0 = Debug|Any CPU
		{01A4944C-4345-4362-A29C-3B569295AD2C}.Release|Any CPU.ActiveCfg = Release|Any CPU
		{01A4944C-4345-4362-A29C-3B569295AD2C}.Release|Any CPU.Build.0 = Release|Any CPU
	EndGlobalSection
EndGlobal
